# THIS IS AN AUTOGENERATED FILE. DO NOT EDIT THIS FILE DIRECTLY.
# yarn lockfile v1


angular-animate@1.7.0:
  version "1.7.0"
  resolved "https://registry.yarnpkg.com/angular-animate/-/angular-animate-1.7.0.tgz#c04293068ee0986dc00ba154626d74bf51f25576"

angular-aria@1.7.0:
  version "1.7.0"
  resolved "https://registry.yarnpkg.com/angular-aria/-/angular-aria-1.7.0.tgz#fb96f5650959a86f30695ea814a071387e6e71b2"

angular-material@1.1.9:
  version "1.1.9"
  resolved "https://registry.yarnpkg.com/angular-material/-/angular-material-1.1.9.tgz#840574f8701629fc39eadfea7fd8e235cc5d97c6"

angular-messages@1.7.0:
  version "1.7.0"
  resolved "https://registry.yarnpkg.com/angular-messages/-/angular-messages-1.7.0.tgz#ae0ec5fec710898dbbe9f0146ca87e0649f6c3d6"

angular@1.7.0:
  version "1.7.0"
  resolved "https://registry.yarnpkg.com/angular/-/angular-1.7.0.tgz#e45d679fc8d81040a4894c7ccc16a4e1ad0a9ca6"

cds-parsers@0.1.61-0:
  version "0.1.61-0"
  resolved "https://registry.yarnpkg.com/cds-parsers/-/cds-parsers-0.1.61-0.tgz#e203cd548c64298b0f92f23001c02c1bcb2eaca5"

jquery@3.3.1:
  version "3.3.1"
  resolved "https://registry.yarnpkg.com/jquery/-/jquery-3.3.1.tgz#958ce29e81c9790f31be7792df5d4d95fc57fbca"

material-icons@0.2.3:
  version "0.2.3"
  resolved "https://registry.yarnpkg.com/material-icons/-/material-icons-0.2.3.tgz#1f84d50effbb700287ba44a21bbce0339252ccaf"

monaco-editor@^0.13.1:
  version "0.13.1"
  resolved "https://registry.yarnpkg.com/monaco-editor/-/monaco-editor-0.13.1.tgz#6b9ce20e4d1c945042d256825eb133cb23315a52"
